// !$*UTF8*$!
{
	archiveVersion = 1;
	classes = {
	};
	objectVersion = 46;
	objects = {

/* Begin PBXBuildFile section */
		BB8D082A1A5646EE000D4F9F /* AppDelegate.swift in Sources */ = {isa = PBXBuildFile; fileRef = BB8D08291A5646EE000D4F9F /* AppDelegate.swift */; };
		BB8D082C1A5646EE000D4F9F /* ViewController.swift in Sources */ = {isa = PBXBuildFile; fileRef = BB8D082B1A5646EE000D4F9F /* ViewController.swift */; };
		BB8D082E1A5646EE000D4F9F /* Images.xcassets in Resources */ = {isa = PBXBuildFile; fileRef = BB8D082D1A5646EE000D4F9F /* Images.xcassets */; };
		BB8D08311A5646EE000D4F9F /* Main.storyboard in Resources */ = {isa = PBXBuildFile; fileRef = BB8D082F1A5646EE000D4F9F /* Main.storyboard */; };
		BB8D083D1A5646EE000D4F9F /* cameratestTests.swift in Sources */ = {isa = PBXBuildFile; fileRef = BB8D083C1A5646EE000D4F9F /* cameratestTests.swift */; };
/* End PBXBuildFile section */

/* Begin PBXContainerItemProxy section */
		BB8D08371A5646EE000D4F9F /* PBXContainerItemProxy */ = {
			isa = PBXContainerItemProxy;
			containerPortal = BB8D081C1A5646EE000D4F9F /* Project object */;
			proxyType = 1;
			remoteGlobalIDString = BB8D08231A5646EE000D4F9F;
			remoteInfo = cameratest;
		};
/* End PBXContainerItemProxy section */

/* Begin PBXFileReference section */
		BB8D08241A5646EE000D4F9F /* cameratest.app */ = {isa = PBXFileReference; explicitFileType = wrapper.application; includeInIndex = 0; path = cameratest.app; sourceTree = BUILT_PRODUCTS_DIR; };
		BB8D08281A5646EE000D4F9F /* Info.plist */ = {isa = PBXFileReference; lastKnownFileType = text.plist.xml; path = Info.plist; sourceTree = "<group>"; };
		BB8D08291A5646EE000D4F9F /* AppDelegate.swift */ = {isa = PBXFileReference; lastKnownFileType = sourcecode.swift; path = AppDelegate.swift; sourceTree = "<group>"; };
		BB8D082B1A5646EE000D4F9F /* ViewController.swift */ = {isa = PBXFileReference; lastKnownFileType = sourcecode.swift; path = ViewController.swift; sourceTree = "<group>"; };
		BB8D082D1A5646EE000D4F9F /* Images.xcassets */ = {isa = PBXFileReference; lastKnownFileType = folder.assetcatalog; path = Images.xcassets; sourceTree = "<group>"; };
		BB8D08301A5646EE000D4F9F /* Base */ = {isa = PBXFileReference; lastKnownFileType = file.storyboard; name = Base; path = Base.lproj/Main.storyboard; sourceTree = "<group>"; };
		BB8D08361A5646EE000D4F9F /* cameratestTests.xctest */ = {isa = PBXFileReference; explicitFileType = wrapper.cfbundle; includeInIndex = 0; path = cameratestTests.xctest; sourceTree = BUILT_PRODUCTS_DIR; };
		BB8D083B1A5646EE000D4F9F /* Info.plist */ = {isa = PBXFileReference; lastKnownFileType = text.plist.xml; path = Info.plist; sourceTree = "<group>"; };
		BB8D083C1A5646EE000D4F9F /* cameratestTests.swift */ = {isa = PBXFileReference; lastKnownFileType = sourcecode.swift; path = cameratestTests.swift; sourceTree = "<group>"; };
/* End PBXFileReference section */

/* Begin PBXFrameworksBuildPhase section */
		BB8D08211A5646EE000D4F9F /* Frameworks */ = {
			isa = PBXFrameworksBuildPhase;
			buildActionMask = 2147483647;
			files = (
			);
			runOnlyForDeploymentPostprocessing = 0;
		};
		BB8D08331A5646EE000D4F9F /* Frameworks */ = {
			isa = PBXFrameworksBuildPhase;
			buildActionMask = 2147483647;
			files = (
			);
			runOnlyForDeploymentPostprocessing = 0;
		};
/* End PBXFrameworksBuildPhase section */

/* Begin PBXGroup section */
		BB8D081B1A5646EE000D4F9F = {
			isa = PBXGroup;
			children = (
				BB8D08261A5646EE000D4F9F /* cameratest */,
				BB8D08391A5646EE000D4F9F /* cameratestTests */,
				BB8D08251A5646EE000D4F9F /* Products */,
			);
			sourceTree = "<group>";
		};
		BB8D08251A5646EE000D4F9F /* Products */ = {
			isa = PBXGroup;
			children = (
				BB8D08241A5646EE000D4F9F /* cameratest.app */,
				BB8D08361A5646EE000D4F9F /* cameratestTests.xctest */,
			);
			name = Products;
			sourceTree = "<group>";
		};
		BB8D08261A5646EE000D4F9F /* cameratest */ = {
			isa = PBXGroup;
			children = (
				BB8D08291A5646EE000D4F9F /* AppDelegate.swift */,
				BB8D082B1A5646EE000D4F9F /* ViewController.swift */,
				BB8D082D1A5646EE000D4F9F /* Images.xcassets */,
				BB8D082F1A5646EE000D4F9F /* Main.storyboard */,
				BB8D08271A5646EE000D4F9F /* Supporting Files */,
			);
			path = cameratest;
			sourceTree = "<group>";
		};
		BB8D08271A5646EE000D4F9F /* Supporting Files */ = {
			isa = PBXGroup;
			children = (
				BB8D08281A5646EE000D4F9F /* Info.plist */,
			);
			name = "Supporting Files";
			sourceTree = "<group>";
		};
		BB8D08391A5646EE000D4F9F /* cameratestTests */ = {
			isa = PBXGroup;
			children = (
				BB8D083C1A5646EE000D4F9F /* cameratestTests.swift */,
				BB8D083A1A5646EE000D4F9F /* Supporting Files */,
			);
			path = cameratestTests;
			sourceTree = "<group>";
		};
		BB8D083A1A5646EE000D4F9F /* Supporting Files */ = {
			isa = PBXGroup;
			children = (
				BB8D083B1A5646EE000D4F9F /* Info.plist */,
			);
			name = "Supporting Files";
			sourceTree = "<group>";
		};
/* End PBXGroup section */

/* Begin PBXNativeTarget section */
		BB8D08231A5646EE000D4F9F /* cameratest */ = {
			isa = PBXNativeTarget;
			buildConfigurationList = BB8D08401A5646EE000D4F9F /* Build configuration list for PBXNativeTarget "cameratest" */;
			buildPhases = (
				BB8D08201A5646EE000D4F9F /* Sources */,
				BB8D08211A5646EE000D4F9F /* Frameworks */,
				BB8D08221A5646EE000D4F9F /* Resources */,
			);
			buildRules = (
			);
			dependencies = (
			);
			name = cameratest;
			productName = cameratest;
			productReference = BB8D08241A5646EE000D4F9F /* cameratest.app */;
			productType = "com.apple.product-type.application";
		};
		BB8D08351A5646EE000D4F9F /* cameratestTests */ = {
			isa = PBXNativeTarget;
			buildConfigurationList = BB8D08431A5646EE000D4F9F /* Build configuration list for PBXNativeTarget "cameratestTests" */;
			buildPhases = (
				BB8D08321A5646EE000D4F9F /* Sources */,
				BB8D08331A5646EE000D4F9F /* Frameworks */,
				BB8D08341A5646EE000D4F9F /* Resources */,
			);
			buildRules = (
			);
			dependencies = (
				BB8D08381A5646EE000D4F9F /* PBXTargetDependency */,
			);
			name = cameratestTests;
			productName = cameratestTests;
			productReference = BB8D08361A5646EE000D4F9F /* cameratestTests.xctest */;
			productType = "com.apple.product-type.bundle.unit-test";
		};
/* End PBXNativeTarget section */

/* Begin PBXProject section */
		BB8D081C1A5646EE000D4F9F /* Project object */ = {
			isa = PBXProject;
			attributes = {
				LastUpgradeCheck = 0610;
				ORGANIZATIONNAME = Offroed;
				TargetAttributes = {
					BB8D08231A5646EE000D4F9F = {
						CreatedOnToolsVersion = 6.1;
					};
					BB8D08351A5646EE000D4F9F = {
						CreatedOnToolsVersion = 6.1;
						TestTargetID = BB8D08231A5646EE000D4F9F;
					};
				};
			};
			buildConfigurationList = BB8D081F1A5646EE000D4F9F /* Build configuration list for PBXProject "cameratest" */;
			compatibilityVersion = "Xcode 3.2";
			developmentRegion = English;
			hasScannedForEncodings = 0;
			knownRegions = (
				en,
				Base,
			);
			mainGroup = BB8D081B1A5646EE000D4F9F;
			productRefGroup = BB8D08251A5646EE000D4F9F /* Products */;
			projectDirPath = "";
			projectRoot = "";
			targets = (
				BB8D08231A5646EE000D4F9F /* cameratest */,
				BB8D08351A5646EE000D4F9F /* cameratestTests */,
			);
		};
/* End PBXProject section */

/* Begin PBXResourcesBuildPhase section */
		BB8D08221A5646EE000D4F9F /* Resources */ = {
			isa = PBXResourcesBuildPhase;
			buildActionMask = 2147483647;
			files = (
				BB8D082E1A5646EE000D4F9F /* Images.xcassets in Resources */,
				BB8D08311A5646EE000D4F9F /* Main.storyboard in Resources */,
			);
			runOnlyForDeploymentPostprocessing = 0;
		};
		BB8D08341A5646EE000D4F9F /* Resources */ = {
			isa = PBXResourcesBuildPhase;
			buildActionMask = 2147483647;
			files = (
			);
			runOnlyForDeploymentPostprocessing = 0;
		};
/* End PBXResourcesBuildPhase section */

/* Begin PBXSourcesBuildPhase section */
		BB8D08201A5646EE000D4F9F /* Sources */ = {
			isa = PBXSourcesBuildPhase;
			buildActionMask = 2147483647;
			files = (
				BB8D082C1A5646EE000D4F9F /* ViewController.swift in Sources */,
				BB8D082A1A5646EE000D4F9F /* AppDelegate.swift in Sources */,
			);
			runOnlyForDeploymentPostprocessing = 0;
		};
		BB8D08321A5646EE000D4F9F /* Sources */ = {
			isa = PBXSourcesBuildPhase;
			buildActionMask = 2147483647;
			files = (
				BB8D083D1A5646EE000D4F9F /* cameratestTests.swift in Sources */,
			);
			runOnlyForDeploymentPostprocessing = 0;
		};
/* End PBXSourcesBuildPhase section */

/* Begin PBXTargetDependency section */
		BB8D08381A5646EE000D4F9F /* PBXTargetDependency */ = {
			isa = PBXTargetDependency;
			target = BB8D08231A5646EE000D4F9F /* cameratest */;
			targetProxy = BB8D08371A5646EE000D4F9F /* PBXContainerItemProxy */;
		};
/* End PBXTargetDependency section */

/* Begin PBXVariantGroup section */
		BB8D082F1A5646EE000D4F9F /* Main.storyboard */ = {
			isa = PBXVariantGroup;
			children = (
				BB8D08301A5646EE000D4F9F /* Base */,
			);
			name = Main.storyboard;
			sourceTree = "<group>";
		};
/* End PBXVariantGroup section */

/* Begin XCBuildConfiguration section */
		BB8D083E1A5646EE000D4F9F /* Debug */ = {
			isa = XCBuildConfiguration;
			buildSettings = {
				ALWAYS_SEARCH_USER_PATHS = NO;
				CLANG_CXX_LANGUAGE_STANDARD = "gnu++0x";
				CLANG_CXX_LIBRARY = "libc++";
				CLANG_ENABLE_MODULES = YES;
				CLANG_ENABLE_OBJC_ARC = YES;
				CLANG_WARN_BOOL_CONVERSION = YES;
				CLANG_WARN_CONSTANT_CONVERSION = YES;
				CLANG_WARN_DIRECT_OBJC_ISA_USAGE = YES_ERROR;
				CLANG_WARN_EMPTY_BODY = YES;
				CLANG_WARN_ENUM_CONVERSION = YES;
				CLANG_WARN_INT_CONVERSION = YES;
				CLANG_WARN_OBJC_ROOT_CLASS = YES_ERROR;
				CLANG_WARN_UNREACHABLE_CODE = YES;
				CLANG_WARN__DUPLICATE_METHOD_MATCH = YES;
				CODE_SIGN_IDENTITY = "-";
				COPY_PHASE_STRIP = NO;
				ENABLE_STRICT_OBJC_MSGSEND = YES;
				GCC_C_LANGUAGE_STANDARD = gnu99;
				GCC_DYNAMIC_NO_PIC = NO;
				GCC_OPTIMIZATION_LEVEL = 0;
				GCC_PREPROCESSOR_DEFINITIONS = (
					"DEBUG=1",
					"$(inherited)",
				);
				GCC_SYMBOLS_PRIVATE_EXTERN = NO;
				GCC_WARN_64_TO_32_BIT_CONVERSION = YES;
				GCC_WARN_ABOUT_RETURN_TYPE = YES_ERROR;
				GCC_WARN_UNDECLARED_SELECTOR = YES;
				GCC_WARN_UNINITIALIZED_AUTOS = YES_AGGRESSIVE;
				GCC_WARN_UNUSED_FUNCTION = YES;
				GCC_WARN_UNUSED_VARIABLE = YES;
				MACOSX_DEPLOYMENT_TARGET = 10.10;
				MTL_ENABLE_DEBUG_INFO = YES;
				ONLY_ACTIVE_ARCH = YES;
				SDKROOT = macosx;
				SWIFT_OPTIMIZATION_LEVEL = "-Onone";
			};
			name = Debug;
		};
		BB8D083F1A5646EE000D4F9F /* Release */ = {
			isa = XCBuildConfiguration;
			buildSettings = {
				ALWAYS_SEARCH_USER_PATHS = NO;
				CLANG_CXX_LANGUAGE_STANDARD = "gnu++0x";
				CLANG_CXX_LIBRARY = "libc++";
				CLANG_ENABLE_MODULES = YES;
				CLANG_ENABLE_OBJC_ARC = YES;
				CLANG_WARN_BOOL_CONVERSION = YES;
				CLANG_WARN_CONSTANT_CONVERSION = YES;
				CLANG_WARN_DIRECT_OBJC_ISA_USAGE = YES_ERROR;
				CLANG_WARN_EMPTY_BODY = YES;
				CLANG_WARN_ENUM_CONVERSION = YES;
				CLANG_WARN_INT_CONVERSION = YES;
				CLANG_WARN_OBJC_ROOT_CLASS = YES_ERROR;
				CLANG_WARN_UNREACHABLE_CODE = YES;
				CLANG_WARN__DUPLICATE_METHOD_MATCH = YES;
				CODE_SIGN_IDENTITY = "-";
				COPY_PHASE_STRIP = YES;
				DEBUG_INFORMATION_FORMAT = "dwarf-with-dsym";
				ENABLE_NS_ASSERTIONS = NO;
				ENABLE_STRICT_OBJC_MSGSEND = YES;
				GCC_C_LANGUAGE_STANDARD = gnu99;
				GCC_WARN_64_TO_32_BIT_CONVERSION = YES;
				GCC_WARN_ABOUT_RETURN_TYPE = YES_ERROR;
				GCC_WARN_UNDECLARED_SELECTOR = YES;
				GCC_WARN_UNINITIALIZED_AUTOS = YES_AGGRESSIVE;
				GCC_WARN_UNUSED_FUNCTION = YES;
				GCC_WARN_UNUSED_VARIABLE = YES;
				MACOSX_DEPLOYMENT_TARGET = 10.10;
				MTL_ENABLE_DEBUG_INFO = NO;
				SDKROOT = macosx;
			};
			name = Release;
		};
		BB8D08411A5646EE000D4F9F /* Debug */ = {
			isa = XCBuildConfiguration;
			buildSettings = {
				ASSETCATALOG_COMPILER_APPICON_NAME = AppIcon;
				COMBINE_HIDPI_IMAGES = YES;
				INFOPLIST_FILE = cameratest/Info.plist;
				LD_RUNPATH_SEARCH_PATHS = "$(inherited) @executable_path/../Frameworks";
				PRODUCT_NAME = "$(TARGET_NAME)";
			};
			name = Debug;
		};
		BB8D08421A5646EE000D4F9F /* Release */ = {
			isa = XCBuildConfiguration;
			buildSettings = {
				ASSETCATALOG_COMPILER_APPICON_NAME = AppIcon;
				COMBINE_HIDPI_IMAGES = YES;
				INFOPLIST_FILE = cameratest/Info.plist;
				LD_RUNPATH_SEARCH_PATHS = "$(inherited) @executable_path/../Frameworks";
				PRODUCT_NAME = "$(TARGET_NAME)";
			};
			name = Release;
		};
		BB8D08441A5646EE000D4F9F /* Debug */ = {
			isa = XCBuildConfiguration;
			buildSettings = {
				BUNDLE_LOADER = "$(TEST_HOST)";
				COMBINE_HIDPI_IMAGES = YES;
				FRAMEWORK_SEARCH_PATHS = (
					"$(DEVELOPER_FRAMEWORKS_DIR)",
					"$(inherited)",
				);
				GCC_PREPROCESSOR_DEFINITIONS = (
					"DEBUG=1",
					"$(inherited)",
				);
				INFOPLIST_FILE = cameratestTests/Info.plist;
				LD_RUNPATH_SEARCH_PATHS = "$(inherited) @executable_path/../Frameworks @loader_path/../Frameworks";
				PRODUCT_NAME = "$(TARGET_NAME)";
				TEST_HOST = "$(BUILT_PRODUCTS_DIR)/cameratest.app/Contents/MacOS/cameratest";
			};
			name = Debug;
		};
		BB8D08451A5646EE000D4F9F /* Release */ = {
			isa = XCBuildConfiguration;
			buildSettings = {
				BUNDLE_LOADER = "$(TEST_HOST)";
				COMBINE_HIDPI_IMAGES = YES;
				FRAMEWORK_SEARCH_PATHS = (
					"$(DEVELOPER_FRAMEWORKS_DIR)",
					"$(inherited)",
				);
				INFOPLIST_FILE = cameratestTests/Info.plist;
				LD_RUNPATH_SEARCH_PATHS = "$(inherited) @executable_path/../Frameworks @loader_path/../Frameworks";
				PRODUCT_NAME = "$(TARGET_NAME)";
				TEST_HOST = "$(BUILT_PRODUCTS_DIR)/cameratest.app/Contents/MacOS/cameratest";
			};
			name = Release;
		};
/* End XCBuildConfiguration section */

/* Begin XCConfigurationList section */
		BB8D081F1A5646EE000D4F9F /* Build configuration list for PBXProject "cameratest" */ = {
			isa = XCConfigurationList;
			buildConfigurations = (
				BB8D083E1A5646EE000D4F9F /* Debug */,
				BB8D083F1A5646EE000D4F9F /* Release */,
			);
			defaultConfigurationIsVisible = 0;
			defaultConfigurationName = Release;
		};
		BB8D08401A5646EE000D4F9F /* Build configuration list for PBXNativeTarget "cameratest" */ = {
			isa = XCConfigurationList;
			buildConfigurations = (
				BB8D08411A5646EE000D4F9F /* Debug */,
				BB8D08421A5646EE000D4F9F /* Release */,
			);
			defaultConfigurationIsVisible = 0;
		};
		BB8D08431A5646EE000D4F9F /* Build configuration list for PBXNativeTarget "cameratestTests" */ = {
			isa = XCConfigurationList;
			buildConfigurations = (
				BB8D08441A5646EE000D4F9F /* Debug */,
				BB8D08451A5646EE000D4F9F /* Release */,
			);
			defaultConfigurationIsVisible = 0;
		};
/* End XCConfigurationList section */
	};
	rootObject = BB8D081C1A5646EE000D4F9F /* Project object */;
}
